
Microsoft Visual Studio Solution File, Format Version 12.00
# Visual Studio Version 17
VisualStudioVersion = 17.4.33205.214
MinimumVisualStudioVersion = 10.0.40219.1
Project("{9A19103F-16F7-4668-BE54-9A1E7A4F7556}") = "GymTracker.BlazorClient", "GymTrackerBlazorClient\GymTracker.BlazorClient.csproj", "{0D11FD46-858E-4E1A-922B-BA4D66CE2080}"
EndProject
Project("{9A19103F-16F7-4668-BE54-9A1E7A4F7556}") = "GymTracker.BlazorClient.LocalStorage", "GymTrackerBlazorClient.LocalStorage\GymTracker.BlazorClient.LocalStorage.csproj", "{694EE0CB-1E42-46E4-8EAE-0176CD0F6A63}"
EndProject
Project("{9A19103F-16F7-4668-BE54-9A1E7A4F7556}") = "GymTracker.Domain", "GymTracker.Domain\GymTracker.Domain.csproj", "{8CF4E45A-3C9F-475B-A470-F288257168B8}"
EndProject
Global
	GlobalSection(SolutionConfigurationPlatforms) = preSolution
		Debug|Any CPU = Debug|Any CPU
		Release|Any CPU = Release|Any CPU
	EndGlobalSection
	GlobalSection(ProjectConfigurationPlatforms) = postSolution
		{0D11FD46-858E-4E1A-922B-BA4D66CE2080}.Debug|Any CPU.ActiveCfg = Debug|Any CPU
		{0D11FD46-858E-4E1A-922B-BA4D66CE2080}.Debug|Any CPU.Build.0 = Debug|Any CPU
		{0D11FD46-858E-4E1A-922B-BA4D66CE2080}.Release|Any CPU.ActiveCfg = Release|Any CPU
		{0D11FD46-858E-4E1A-922B-BA4D66CE2080}.Release|Any CPU.Build.0 = Release|Any CPU
		{694EE0CB-1E42-46E4-8EAE-0176CD0F6A63}.Debug|Any CPU.ActiveCfg = Debug|Any CPU
		{694EE0CB-1E42-46E4-8EAE-0176CD0F6A63}.Debug|Any CPU.Build.0 = Debug|Any CPU
		{694EE0CB-1E42-46E4-8EAE-0176CD0F6A63}.Release|Any CPU.ActiveCfg = Release|Any CPU
		{694EE0CB-1E42-46E4-8EAE-0176CD0F6A63}.Release|Any CPU.Build.0 = Release|Any CPU
		{8CF4E45A-3C9F-475B-A470-F288257168B8}.Debug|Any CPU.ActiveCfg = Debug|Any CPU
		{8CF4E45A-3C9F-475B-A470-F288257168B8}.Debug|Any CPU.Build.0 = Debug|Any CPU
		{8CF4E45A-3C9F-475B-A470-F288257168B8}.Release|Any CPU.ActiveCfg = Release|Any CPU
		{8CF4E45A-3C9F-475B-A470-F288257168B8}.Release|Any CPU.Build.0 = Release|Any CPU
	EndGlobalSection
	GlobalSection(SolutionProperties) = preSolution
		HideSolutionNode = FALSE
	EndGlobalSection
	GlobalSection(ExtensibilityGlobals) = postSolution
		SolutionGuid = {F89CC528-9C20-4E6A-8CEC-4739EE76595A}
	EndGlobalSection
EndGlobal
